
Microsoft Visual Studio Solution File, Format Version 12.00
# Visual Studio Version 17
VisualStudioVersion = 17.9.34607.119
MinimumVisualStudioVersion = 10.0.40219.1
Project("{9A19103F-16F7-4668-BE54-9A1E7A4F7556}") = "Api", "Api\Api.csproj", "{B50A9F26-5CDB-4012-98DD-EDEFB9634161}"
EndProject
Project("{9A19103F-16F7-4668-BE54-9A1E7A4F7556}") = "Domain", "Domain\Domain.csproj", "{04BD9340-93F2-477D-B91F-AE0442E337AA}"
EndProject
Project("{9A19103F-16F7-4668-BE54-9A1E7A4F7556}") = "Infrastructure", "Infrastructure\Infrastructure.csproj", "{5671E176-F710-46AD-9353-A8C6F1BE4595}"
EndProject
Project("{E53339B2-1760-4266-BCC7-CA923CBCF16C}") = "docker-compose", "docker-compose.dcproj", "{588C83FD-F379-4856-B1B3-6C313583A85B}"
EndProject
Project("{FAE04EC0-301F-11D3-BF4B-00C04F79EFBC}") = "Tests", "Tests\Tests.csproj", "{F409DDAB-0151-4B36-BB4B-B1C07F5992BF}"
EndProject
Global
	GlobalSection(SolutionConfigurationPlatforms) = preSolution
		Debug|Any CPU = Debug|Any CPU
		Release|Any CPU = Release|Any CPU
	EndGlobalSection
	GlobalSection(ProjectConfigurationPlatforms) = postSolution
		{B50A9F26-5CDB-4012-98DD-EDEFB9634161}.Debug|Any CPU.ActiveCfg = Debug|Any CPU
		{B50A9F26-5CDB-4012-98DD-EDEFB9634161}.Debug|Any CPU.Build.0 = Debug|Any CPU
		{B50A9F26-5CDB-4012-98DD-EDEFB9634161}.Release|Any CPU.ActiveCfg = Release|Any CPU
		{B50A9F26-5CDB-4012-98DD-EDEFB9634161}.Release|Any CPU.Build.0 = Release|Any CPU
		{04BD9340-93F2-477D-B91F-AE0442E337AA}.Debug|Any CPU.ActiveCfg = Debug|Any CPU
		{04BD9340-93F2-477D-B91F-AE0442E337AA}.Debug|Any CPU.Build.0 = Debug|Any CPU
		{04BD9340-93F2-477D-B91F-AE0442E337AA}.Release|Any CPU.ActiveCfg = Release|Any CPU
		{04BD9340-93F2-477D-B91F-AE0442E337AA}.Release|Any CPU.Build.0 = Release|Any CPU
		{5671E176-F710-46AD-9353-A8C6F1BE4595}.Debug|Any CPU.ActiveCfg = Debug|Any CPU
		{5671E176-F710-46AD-9353-A8C6F1BE4595}.Debug|Any CPU.Build.0 = Debug|Any CPU
		{5671E176-F710-46AD-9353-A8C6F1BE4595}.Release|Any CPU.ActiveCfg = Release|Any CPU
		{5671E176-F710-46AD-9353-A8C6F1BE4595}.Release|Any CPU.Build.0 = Release|Any CPU
		{588C83FD-F379-4856-B1B3-6C313583A85B}.Debug|Any CPU.ActiveCfg = Debug|Any CPU
		{588C83FD-F379-4856-B1B3-6C313583A85B}.Debug|Any CPU.Build.0 = Debug|Any CPU
		{588C83FD-F379-4856-B1B3-6C313583A85B}.Release|Any CPU.ActiveCfg = Release|Any CPU
		{588C83FD-F379-4856-B1B3-6C313583A85B}.Release|Any CPU.Build.0 = Release|Any CPU
		{F409DDAB-0151-4B36-BB4B-B1C07F5992BF}.Debug|Any CPU.ActiveCfg = Debug|Any CPU
		{F409DDAB-0151-4B36-BB4B-B1C07F5992BF}.Debug|Any CPU.Build.0 = Debug|Any CPU
		{F409DDAB-0151-4B36-BB4B-B1C07F5992BF}.Release|Any CPU.ActiveCfg = Release|Any CPU
		{F409DDAB-0151-4B36-BB4B-B1C07F5992BF}.Release|Any CPU.Build.0 = Release|Any CPU
	EndGlobalSection
	GlobalSection(SolutionProperties) = preSolution
		HideSolutionNode = FALSE
	EndGlobalSection
	GlobalSection(ExtensibilityGlobals) = postSolution
		SolutionGuid = {80210E3B-DFB6-4642-8578-1EC9D7DE5B5E}
	EndGlobalSection
EndGlobal
